
Microsoft Visual Studio Solution File, Format Version 12.00
# Visual Studio 15
VisualStudioVersion = 15.0.27004.2009
MinimumVisualStudioVersion = 10.0.40219.1
Project("{FAE04EC0-301F-11D3-BF4B-00C04F79EFBC}") = "DutchBingo", "DutchBingo\DutchBingo.csproj", "{5B379BDD-09B3-4304-A2DD-2174A55CE12A}"
EndProject
Global
	GlobalSection(SolutionConfigurationPlatforms) = preSolution
		Debug|Any CPU = Debug|Any CPU
		Release|Any CPU = Release|Any CPU
	EndGlobalSection
	GlobalSection(ProjectConfigurationPlatforms) = postSolution
		{5B379BDD-09B3-4304-A2DD-2174A55CE12A}.Debug|Any CPU.ActiveCfg = Debug|Any CPU
		{5B379BDD-09B3-4304-A2DD-2174A55CE12A}.Debug|Any CPU.Build.0 = Debug|Any CPU
		{5B379BDD-09B3-4304-A2DD-2174A55CE12A}.Release|Any CPU.ActiveCfg = Release|Any CPU
		{5B379BDD-09B3-4304-A2DD-2174A55CE12A}.Release|Any CPU.Build.0 = Release|Any CPU
	EndGlobalSection
	GlobalSection(SolutionProperties) = preSolution
		HideSolutionNode = FALSE
	EndGlobalSection
	GlobalSection(ExtensibilityGlobals) = postSolution
		SolutionGuid = {DF7C0810-B0CB-4198-9A50-80E770CFE9E1}
	EndGlobalSection
EndGlobal
